
Microsoft Visual Studio Solution File, Format Version 12.00
# Visual Studio Version 17
VisualStudioVersion = 17.13.35828.75
MinimumVisualStudioVersion = 10.0.40219.1
Project("{8BC9CEB8-8B4A-11D0-8D11-00A0C91BC942}") = "1ifwhile", "1rlakf.vcxproj", "{3F4177E6-790C-4300-9222-59C370C44543}"
EndProject
Project("{8BC9CEB8-8B4A-11D0-8D11-00A0C91BC942}") = "2ansi", "..\222\222.vcxproj", "{F16ED1E6-2FFC-4FAA-A216-3FCCDA79847A}"
EndProject
Project("{8BC9CEB8-8B4A-11D0-8D11-00A0C91BC942}") = "q1", "..\1q\1q.vcxproj", "{2B85CAFE-9853-459A-AE3B-37C34089A523}"
EndProject
Project("{8BC9CEB8-8B4A-11D0-8D11-00A0C91BC942}") = "3float", "..\3time\3time.vcxproj", "{3DC3F23B-A20B-46AA-9262-CDA0E4986945}"
EndProject
Project("{8BC9CEB8-8B4A-11D0-8D11-00A0C91BC942}") = "4sleep", "..\4sleep\4sleep.vcxproj", "{029B619E-FB13-452A-99FC-E9D665EEFA59}"
EndProject
Project("{8BC9CEB8-8B4A-11D0-8D11-00A0C91BC942}") = "5time", "..\5time\5time.vcxproj", "{8105BD04-8580-45C2-8D65-F02A93022C39}"
EndProject
Project("{8BC9CEB8-8B4A-11D0-8D11-00A0C91BC942}") = "q2star", "..\q2star\q2star.vcxproj", "{1A238213-DA48-4DDC-A613-8E81C8D19801}"
EndProject
Project("{8BC9CEB8-8B4A-11D0-8D11-00A0C91BC942}") = "q3", "..\q3\q3.vcxproj", "{76B49C41-C895-464C-B3CE-51E03BF84F9E}"
EndProject
Project("{8BC9CEB8-8B4A-11D0-8D11-00A0C91BC942}") = "0cg", "..\6cg\6cg.vcxproj", "{C172358B-480D-4209-95D1-CB132D631DF4}"
EndProject
Project("{8BC9CEB8-8B4A-11D0-8D11-00A0C91BC942}") = "q4", "..\q4\q4.vcxproj", "{AD773556-F3BE-47E0-B03C-2C91C8589D52}"
EndProject
Global
	GlobalSection(SolutionConfigurationPlatforms) = preSolution
		Debug|x64 = Debug|x64
		Debug|x86 = Debug|x86
		Release|x64 = Release|x64
		Release|x86 = Release|x86
	EndGlobalSection
	GlobalSection(ProjectConfigurationPlatforms) = postSolution
		{3F4177E6-790C-4300-9222-59C370C44543}.Debug|x64.ActiveCfg = Debug|x64
		{3F4177E6-790C-4300-9222-59C370C44543}.Debug|x64.Build.0 = Debug|x64
		{3F4177E6-790C-4300-9222-59C370C44543}.Debug|x86.ActiveCfg = Debug|Win32
		{3F4177E6-790C-4300-9222-59C370C44543}.Debug|x86.Build.0 = Debug|Win32
		{3F4177E6-790C-4300-9222-59C370C44543}.Release|x64.ActiveCfg = Release|x64
		{3F4177E6-790C-4300-9222-59C370C44543}.Release|x64.Build.0 = Release|x64
		{3F4177E6-790C-4300-9222-59C370C44543}.Release|x86.ActiveCfg = Release|Win32
		{3F4177E6-790C-4300-9222-59C370C44543}.Release|x86.Build.0 = Release|Win32
		{F16ED1E6-2FFC-4FAA-A216-3FCCDA79847A}.Debug|x64.ActiveCfg = Debug|x64
		{F16ED1E6-2FFC-4FAA-A216-3FCCDA79847A}.Debug|x64.Build.0 = Debug|x64
		{F16ED1E6-2FFC-4FAA-A216-3FCCDA79847A}.Debug|x86.ActiveCfg = Debug|Win32
		{F16ED1E6-2FFC-4FAA-A216-3FCCDA79847A}.Debug|x86.Build.0 = Debug|Win32
		{F16ED1E6-2FFC-4FAA-A216-3FCCDA79847A}.Release|x64.ActiveCfg = Release|x64
		{F16ED1E6-2FFC-4FAA-A216-3FCCDA79847A}.Release|x64.Build.0 = Release|x64
		{F16ED1E6-2FFC-4FAA-A216-3FCCDA79847A}.Release|x86.ActiveCfg = Release|Win32
		{F16ED1E6-2FFC-4FAA-A216-3FCCDA79847A}.Release|x86.Build.0 = Release|Win32
		{2B85CAFE-9853-459A-AE3B-37C34089A523}.Debug|x64.ActiveCfg = Debug|x64
		{2B85CAFE-9853-459A-AE3B-37C34089A523}.Debug|x64.Build.0 = Debug|x64
		{2B85CAFE-9853-459A-AE3B-37C34089A523}.Debug|x86.ActiveCfg = Debug|Win32
		{2B85CAFE-9853-459A-AE3B-37C34089A523}.Debug|x86.Build.0 = Debug|Win32
		{2B85CAFE-9853-459A-AE3B-37C34089A523}.Release|x64.ActiveCfg = Release|x64
		{2B85CAFE-9853-459A-AE3B-37C34089A523}.Release|x64.Build.0 = Release|x64
		{2B85CAFE-9853-459A-AE3B-37C34089A523}.Release|x86.ActiveCfg = Release|Win32
		{2B85CAFE-9853-459A-AE3B-37C34089A523}.Release|x86.Build.0 = Release|Win32
		{3DC3F23B-A20B-46AA-9262-CDA0E4986945}.Debug|x64.ActiveCfg = Debug|x64
		{3DC3F23B-A20B-46AA-9262-CDA0E4986945}.Debug|x64.Build.0 = Debug|x64
		{3DC3F23B-A20B-46AA-9262-CDA0E4986945}.Debug|x86.ActiveCfg = Debug|Win32
		{3DC3F23B-A20B-46AA-9262-CDA0E4986945}.Debug|x86.Build.0 = Debug|Win32
		{3DC3F23B-A20B-46AA-9262-CDA0E4986945}.Release|x64.ActiveCfg = Release|x64
		{3DC3F23B-A20B-46AA-9262-CDA0E4986945}.Release|x64.Build.0 = Release|x64
		{3DC3F23B-A20B-46AA-9262-CDA0E4986945}.Release|x86.ActiveCfg = Release|Win32
		{3DC3F23B-A20B-46AA-9262-CDA0E4986945}.Release|x86.Build.0 = Release|Win32
		{029B619E-FB13-452A-99FC-E9D665EEFA59}.Debug|x64.ActiveCfg = Debug|x64
		{029B619E-FB13-452A-99FC-E9D665EEFA59}.Debug|x64.Build.0 = Debug|x64
		{029B619E-FB13-452A-99FC-E9D665EEFA59}.Debug|x86.ActiveCfg = Debug|Win32
		{029B619E-FB13-452A-99FC-E9D665EEFA59}.Debug|x86.Build.0 = Debug|Win32
		{029B619E-FB13-452A-99FC-E9D665EEFA59}.Release|x64.ActiveCfg = Release|x64
		{029B619E-FB13-452A-99FC-E9D665EEFA59}.Release|x64.Build.0 = Release|x64
		{029B619E-FB13-452A-99FC-E9D665EEFA59}.Release|x86.ActiveCfg = Release|Win32
		{029B619E-FB13-452A-99FC-E9D665EEFA59}.Release|x86.Build.0 = Release|Win32
		{8105BD04-8580-45C2-8D65-F02A93022C39}.Debug|x64.ActiveCfg = Debug|x64
		{8105BD04-8580-45C2-8D65-F02A93022C39}.Debug|x64.Build.0 = Debug|x64
		{8105BD04-8580-45C2-8D65-F02A93022C39}.Debug|x86.ActiveCfg = Debug|Win32
		{8105BD04-8580-45C2-8D65-F02A93022C39}.Debug|x86.Build.0 = Debug|Win32
		{8105BD04-8580-45C2-8D65-F02A93022C39}.Release|x64.ActiveCfg = Release|x64
		{8105BD04-8580-45C2-8D65-F02A93022C39}.Release|x64.Build.0 = Release|x64
		{8105BD04-8580-45C2-8D65-F02A93022C39}.Release|x86.ActiveCfg = Release|Win32
		{8105BD04-8580-45C2-8D65-F02A93022C39}.Release|x86.Build.0 = Release|Win32
		{1A238213-DA48-4DDC-A613-8E81C8D19801}.Debug|x64.ActiveCfg = Debug|x64
		{1A238213-DA48-4DDC-A613-8E81C8D19801}.Debug|x64.Build.0 = Debug|x64
		{1A238213-DA48-4DDC-A613-8E81C8D19801}.Debug|x86.ActiveCfg = Debug|Win32
		{1A238213-DA48-4DDC-A613-8E81C8D19801}.Debug|x86.Build.0 = Debug|Win32
		{1A238213-DA48-4DDC-A613-8E81C8D19801}.Release|x64.ActiveCfg = Release|x64
		{1A238213-DA48-4DDC-A613-8E81C8D19801}.Release|x64.Build.0 = Release|x64
		{1A238213-DA48-4DDC-A613-8E81C8D19801}.Release|x86.ActiveCfg = Release|Win32
		{1A238213-DA48-4DDC-A613-8E81C8D19801}.Release|x86.Build.0 = Release|Win32
		{76B49C41-C895-464C-B3CE-51E03BF84F9E}.Debug|x64.ActiveCfg = Debug|x64
		{76B49C41-C895-464C-B3CE-51E03BF84F9E}.Debug|x64.Build.0 = Debug|x64
		{76B49C41-C895-464C-B3CE-51E03BF84F9E}.Debug|x86.ActiveCfg = Debug|Win32
		{76B49C41-C895-464C-B3CE-51E03BF84F9E}.Debug|x86.Build.0 = Debug|Win32
		{76B49C41-C895-464C-B3CE-51E03BF84F9E}.Release|x64.ActiveCfg = Release|x64
		{76B49C41-C895-464C-B3CE-51E03BF84F9E}.Release|x64.Build.0 = Release|x64
		{76B49C41-C895-464C-B3CE-51E03BF84F9E}.Release|x86.ActiveCfg = Release|Win32
		{76B49C41-C895-464C-B3CE-51E03BF84F9E}.Release|x86.Build.0 = Release|Win32
		{C172358B-480D-4209-95D1-CB132D631DF4}.Debug|x64.ActiveCfg = Debug|x64
		{C172358B-480D-4209-95D1-CB132D631DF4}.Debug|x64.Build.0 = Debug|x64
		{C172358B-480D-4209-95D1-CB132D631DF4}.Debug|x86.ActiveCfg = Debug|Win32
		{C172358B-480D-4209-95D1-CB132D631DF4}.Debug|x86.Build.0 = Debug|Win32
		{C172358B-480D-4209-95D1-CB132D631DF4}.Release|x64.ActiveCfg = Release|x64
		{C172358B-480D-4209-95D1-CB132D631DF4}.Release|x64.Build.0 = Release|x64
		{C172358B-480D-4209-95D1-CB132D631DF4}.Release|x86.ActiveCfg = Release|Win32
		{C172358B-480D-4209-95D1-CB132D631DF4}.Release|x86.Build.0 = Release|Win32
		{AD773556-F3BE-47E0-B03C-2C91C8589D52}.Debug|x64.ActiveCfg = Debug|x64
		{AD773556-F3BE-47E0-B03C-2C91C8589D52}.Debug|x64.Build.0 = Debug|x64
		{AD773556-F3BE-47E0-B03C-2C91C8589D52}.Debug|x86.ActiveCfg = Debug|Win32
		{AD773556-F3BE-47E0-B03C-2C91C8589D52}.Debug|x86.Build.0 = Debug|Win32
		{AD773556-F3BE-47E0-B03C-2C91C8589D52}.Release|x64.ActiveCfg = Release|x64
		{AD773556-F3BE-47E0-B03C-2C91C8589D52}.Release|x64.Build.0 = Release|x64
		{AD773556-F3BE-47E0-B03C-2C91C8589D52}.Release|x86.ActiveCfg = Release|Win32
		{AD773556-F3BE-47E0-B03C-2C91C8589D52}.Release|x86.Build.0 = Release|Win32
	EndGlobalSection
	GlobalSection(SolutionProperties) = preSolution
		HideSolutionNode = FALSE
	EndGlobalSection
	GlobalSection(ExtensibilityGlobals) = postSolution
		SolutionGuid = {02A12E35-3E5F-4AD3-BFDF-B3253BD5707E}
	EndGlobalSection
EndGlobal
